
Microsoft Visual Studio Solution File, Format Version 12.00
# Visual Studio 15
VisualStudioVersion = 15.0.28010.2046
MinimumVisualStudioVersion = 10.0.40219.1
Project("{FAE04EC0-301F-11D3-BF4B-00C04F79EFBC}") = "ChatApplication", "ChatApplication\ChatApplication.csproj", "{546446B3-EDD4-46BF-BFA8-73404EAC3915}"
EndProject
Global
	GlobalSection(SolutionConfigurationPlatforms) = preSolution
		Debug|Any CPU = Debug|Any CPU
		Release|Any CPU = Release|Any CPU
	EndGlobalSection
	GlobalSection(ProjectConfigurationPlatforms) = postSolution
		{546446B3-EDD4-46BF-BFA8-73404EAC3915}.Debug|Any CPU.ActiveCfg = Debug|Any CPU
		{546446B3-EDD4-46BF-BFA8-73404EAC3915}.Debug|Any CPU.Build.0 = Debug|Any CPU
		{546446B3-EDD4-46BF-BFA8-73404EAC3915}.Release|Any CPU.ActiveCfg = Release|Any CPU
		{546446B3-EDD4-46BF-BFA8-73404EAC3915}.Release|Any CPU.Build.0 = Release|Any CPU
	EndGlobalSection
	GlobalSection(SolutionProperties) = preSolution
		HideSolutionNode = FALSE
	EndGlobalSection
	GlobalSection(ExtensibilityGlobals) = postSolution
		SolutionGuid = {B3BACB2C-3F2E-4A2B-BA62-3C84C2619AD7}
	EndGlobalSection
EndGlobal
